{
  "name": "hospital-management-system",
  "lockfileVersion": 2,
  "requires": true,
  "packages": {
    "": {
      "dependencies": {
        "@date-io/date-fns": "^2.11.0"
      }
    },
    "node_modules/@date-io/core": {
      "version": "2.11.0",
      "resolved": "https://registry.npmjs.org/@date-io/core/-/core-2.11.0.tgz",
      "integrity": "sha512-DvPBnNoeuLaoSJZaxgpu54qzRhRKjSYVyQjhznTFrllKuDpm0sDFjHo6lvNLCM/cfMx2gb2PM2zY2kc9C8nmuw=="
    },
    "node_modules/@date-io/date-fns": {
      "version": "2.11.0",
      "resolved": "https://registry.npmjs.org/@date-io/date-fns/-/date-fns-2.11.0.tgz",
      "integrity": "sha512-mPQ71plBeFrArvBSHtjWMHXA89IUbZ6kuo2dsjlRC/1uNOybo91spIb+wTu03NxKTl8ut07s0jJ9svF71afpRg==",
      "dependencies": {
        "@date-io/core": "^2.11.0"
      },
      "peerDependencies": {
        "date-fns": "^2.0.0"
      },
      "peerDependenciesMeta": {
        "date-fns": {
          "optional": true
        }
      }
    }
  },
  "dependencies": {
    "@date-io/core": {
      "version": "2.11.0",
      "resolved": "https://registry.npmjs.org/@date-io/core/-/core-2.11.0.tgz",
      "integrity": "sha512-DvPBnNoeuLaoSJZaxgpu54qzRhRKjSYVyQjhznTFrllKuDpm0sDFjHo6lvNLCM/cfMx2gb2PM2zY2kc9C8nmuw=="
    },
    "@date-io/date-fns": {
      "version": "2.11.0",
      "resolved": "https://registry.npmjs.org/@date-io/date-fns/-/date-fns-2.11.0.tgz",
      "integrity": "sha512-mPQ71plBeFrArvBSHtjWMHXA89IUbZ6kuo2dsjlRC/1uNOybo91spIb+wTu03NxKTl8ut07s0jJ9svF71afpRg==",
      "requires": {
        "@date-io/core": "^2.11.0"
      }
    }
  }
}
